{
    "name": "nom-nom-now",
    "lockfileVersion": 3,
    "requires": true,
    "packages": {
        "": {
            "dependencies": {
                "@radix-ui/react-select": "^2.1.4"
            },
            "devDependencies": {
                "concurrently": "^8.2.2",
                "tsconfig-paths": "^4.2.0"
            }
        },
        "node_modules/@babel/runtime": {
            "version": "7.26.0",
            "resolved": "https://registry.npmjs.org/@babel/runtime/-/runtime-7.26.0.tgz",
            "integrity": "sha512-FDSOghenHTiToteC/QRlv2q3DhPZ/oOXTBoirfWNx1Cx3TMVcGWQtMMmQcSvb/JjpNeGzx8Pq/b4fKEJuWm1sw==",
            "dev": true,
            "license": "MIT",
            "dependencies": {
                "regenerator-runtime": "^0.14.0"
            },
            "engines": {
                "node": ">=6.9.0"
            }
        },
        "node_modules/@floating-ui/core": {
            "version": "1.6.9",
            "resolved": "https://registry.npmjs.org/@floating-ui/core/-/core-1.6.9.tgz",
            "integrity": "sha512-uMXCuQ3BItDUbAMhIXw7UPXRfAlOAvZzdK9BWpE60MCn+Svt3aLn9jsPTi/WNGlRUu2uI0v5S7JiIUsbsvh3fw==",
            "license": "MIT",
            "dependencies": {
                "@floating-ui/utils": "^0.2.9"
            }
        },
        "node_modules/@floating-ui/dom": {
            "version": "1.6.13",
            "resolved": "https://registry.npmjs.org/@floating-ui/dom/-/dom-1.6.13.tgz",
            "integrity": "sha512-umqzocjDgNRGTuO7Q8CU32dkHkECqI8ZdMZ5Swb6QAM0t5rnlrN3lGo1hdpscRd3WS8T6DKYK4ephgIH9iRh3w==",
            "license": "MIT",
            "dependencies": {
                "@floating-ui/core": "^1.6.0",
                "@floating-ui/utils": "^0.2.9"
            }
        },
        "node_modules/@floating-ui/react-dom": {
            "version": "2.1.2",
            "resolved": "https://registry.npmjs.org/@floating-ui/react-dom/-/react-dom-2.1.2.tgz",
            "integrity": "sha512-06okr5cgPzMNBy+Ycse2A6udMi4bqwW/zgBF/rwjcNqWkyr82Mcg8b0vjX8OJpZFy/FKjJmw6wV7t44kK6kW7A==",
            "license": "MIT",
            "dependencies": {
                "@floating-ui/dom": "^1.0.0"
            },
            "peerDependencies": {
                "react": ">=16.8.0",
                "react-dom": ">=16.8.0"
            }
        },
        "node_modules/@floating-ui/utils": {
            "version": "0.2.9",
            "resolved": "https://registry.npmjs.org/@floating-ui/utils/-/utils-0.2.9.tgz",
            "integrity": "sha512-MDWhGtE+eHw5JW7lq4qhc5yRLS11ERl1c7Z6Xd0a58DozHES6EnNNwUWbMiG4J9Cgj053Bhk8zvlhFYKVhULwg==",
            "license": "MIT"
        },
        "node_modules/@radix-ui/number": {
            "version": "1.1.0",
            "resolved": "https://registry.npmjs.org/@radix-ui/number/-/number-1.1.0.tgz",
            "integrity": "sha512-V3gRzhVNU1ldS5XhAPTom1fOIo4ccrjjJgmE+LI2h/WaFpHmx0MQApT+KZHnx8abG6Avtfcz4WoEciMnpFT3HQ==",
            "license": "MIT"
        },
        "node_modules/@radix-ui/primitive": {
            "version": "1.1.1",
            "resolved": "https://registry.npmjs.org/@radix-ui/primitive/-/primitive-1.1.1.tgz",
            "integrity": "sha512-SJ31y+Q/zAyShtXJc8x83i9TYdbAfHZ++tUZnvjJJqFjzsdUnKsxPL6IEtBlxKkU7yzer//GQtZSV4GbldL3YA==",
            "license": "MIT"
        },
        "node_modules/@radix-ui/react-arrow": {
            "version": "1.1.1",
            "resolved": "https://registry.npmjs.org/@radix-ui/react-arrow/-/react-arrow-1.1.1.tgz",
            "integrity": "sha512-NaVpZfmv8SKeZbn4ijN2V3jlHA9ngBG16VnIIm22nUR0Yk8KUALyBxT3KYEUnNuch9sTE8UTsS3whzBgKOL30w==",
            "license": "MIT",
            "dependencies": {
                "@radix-ui/react-primitive": "2.0.1"
            },
            "peerDependencies": {
                "@types/react": "*",
                "@types/react-dom": "*",
                "react": "^16.8 || ^17.0 || ^18.0 || ^19.0 || ^19.0.0-rc",
                "react-dom": "^16.8 || ^17.0 || ^18.0 || ^19.0 || ^19.0.0-rc"
            },
            "peerDependenciesMeta": {
                "@types/react": {
                    "optional": true
                },
                "@types/react-dom": {
                    "optional": true
                }
            }
        },
        "node_modules/@radix-ui/react-collection": {
            "version": "1.1.1",
            "resolved": "https://registry.npmjs.org/@radix-ui/react-collection/-/react-collection-1.1.1.tgz",
            "integrity": "sha512-LwT3pSho9Dljg+wY2KN2mrrh6y3qELfftINERIzBUO9e0N+t0oMTyn3k9iv+ZqgrwGkRnLpNJrsMv9BZlt2yuA==",
            "license": "MIT",
            "dependencies": {
                "@radix-ui/react-compose-refs": "1.1.1",
                "@radix-ui/react-context": "1.1.1",
                "@radix-ui/react-primitive": "2.0.1",
                "@radix-ui/react-slot": "1.1.1"
            },
            "peerDependencies": {
                "@types/react": "*",
                "@types/react-dom": "*",
                "react": "^16.8 || ^17.0 || ^18.0 || ^19.0 || ^19.0.0-rc",
                "react-dom": "^16.8 || ^17.0 || ^18.0 || ^19.0 || ^19.0.0-rc"
            },
            "peerDependenciesMeta": {
                "@types/react": {
                    "optional": true
                },
                "@types/react-dom": {
                    "optional": true
                }
            }
        },
        "node_modules/@radix-ui/react-compose-refs": {
            "version": "1.1.1",
            "resolved": "https://registry.npmjs.org/@radix-ui/react-compose-refs/-/react-compose-refs-1.1.1.tgz",
            "integrity": "sha512-Y9VzoRDSJtgFMUCoiZBDVo084VQ5hfpXxVE+NgkdNsjiDBByiImMZKKhxMwCbdHvhlENG6a833CbFkOQvTricw==",
            "license": "MIT",
            "peerDependencies": {
                "@types/react": "*",
                "react": "^16.8 || ^17.0 || ^18.0 || ^19.0 || ^19.0.0-rc"
            },
            "peerDependenciesMeta": {
                "@types/react": {
                    "optional": true
                }
            }
        },
        "node_modules/@radix-ui/react-context": {
            "version": "1.1.1",
            "resolved": "https://registry.npmjs.org/@radix-ui/react-context/-/react-context-1.1.1.tgz",
            "integrity": "sha512-UASk9zi+crv9WteK/NU4PLvOoL3OuE6BWVKNF6hPRBtYBDXQ2u5iu3O59zUlJiTVvkyuycnqrztsHVJwcK9K+Q==",
            "license": "MIT",
            "peerDependencies": {
                "@types/react": "*",
                "react": "^16.8 || ^17.0 || ^18.0 || ^19.0 || ^19.0.0-rc"
            },
            "peerDependenciesMeta": {
                "@types/react": {
                    "optional": true
                }
            }
        },
        "node_modules/@radix-ui/react-direction": {
            "version": "1.1.0",
            "resolved": "https://registry.npmjs.org/@radix-ui/react-direction/-/react-direction-1.1.0.tgz",
            "integrity": "sha512-BUuBvgThEiAXh2DWu93XsT+a3aWrGqolGlqqw5VU1kG7p/ZH2cuDlM1sRLNnY3QcBS69UIz2mcKhMxDsdewhjg==",
            "license": "MIT",
            "peerDependencies": {
                "@types/react": "*",
                "react": "^16.8 || ^17.0 || ^18.0 || ^19.0 || ^19.0.0-rc"
            },
            "peerDependenciesMeta": {
                "@types/react": {
                    "optional": true
                }
            }
        },
        "node_modules/@radix-ui/react-dismissable-layer": {
            "version": "1.1.3",
            "resolved": "https://registry.npmjs.org/@radix-ui/react-dismissable-layer/-/react-dismissable-layer-1.1.3.tgz",
            "integrity": "sha512-onrWn/72lQoEucDmJnr8uczSNTujT0vJnA/X5+3AkChVPowr8n1yvIKIabhWyMQeMvvmdpsvcyDqx3X1LEXCPg==",
            "license": "MIT",
            "dependencies": {
                "@radix-ui/primitive": "1.1.1",
                "@radix-ui/react-compose-refs": "1.1.1",
                "@radix-ui/react-primitive": "2.0.1",
                "@radix-ui/react-use-callback-ref": "1.1.0",
                "@radix-ui/react-use-escape-keydown": "1.1.0"
            },
            "peerDependencies": {
                "@types/react": "*",
                "@types/react-dom": "*",
                "react": "^16.8 || ^17.0 || ^18.0 || ^19.0 || ^19.0.0-rc",
                "react-dom": "^16.8 || ^17.0 || ^18.0 || ^19.0 || ^19.0.0-rc"
            },
            "peerDependenciesMeta": {
                "@types/react": {
                    "optional": true
                },
                "@types/react-dom": {
                    "optional": true
                }
            }
        },
        "node_modules/@radix-ui/react-focus-guards": {
            "version": "1.1.1",
            "resolved": "https://registry.npmjs.org/@radix-ui/react-focus-guards/-/react-focus-guards-1.1.1.tgz",
            "integrity": "sha512-pSIwfrT1a6sIoDASCSpFwOasEwKTZWDw/iBdtnqKO7v6FeOzYJ7U53cPzYFVR3geGGXgVHaH+CdngrrAzqUGxg==",
            "license": "MIT",
            "peerDependencies": {
                "@types/react": "*",
                "react": "^16.8 || ^17.0 || ^18.0 || ^19.0 || ^19.0.0-rc"
            },
            "peerDependenciesMeta": {
                "@types/react": {
                    "optional": true
                }
            }
        },
        "node_modules/@radix-ui/react-focus-scope": {
            "version": "1.1.1",
            "resolved": "https://registry.npmjs.org/@radix-ui/react-focus-scope/-/react-focus-scope-1.1.1.tgz",
            "integrity": "sha512-01omzJAYRxXdG2/he/+xy+c8a8gCydoQ1yOxnWNcRhrrBW5W+RQJ22EK1SaO8tb3WoUsuEw7mJjBozPzihDFjA==",
            "license": "MIT",
            "dependencies": {
                "@radix-ui/react-compose-refs": "1.1.1",
                "@radix-ui/react-primitive": "2.0.1",
                "@radix-ui/react-use-callback-ref": "1.1.0"
            },
            "peerDependencies": {
                "@types/react": "*",
                "@types/react-dom": "*",
                "react": "^16.8 || ^17.0 || ^18.0 || ^19.0 || ^19.0.0-rc",
                "react-dom": "^16.8 || ^17.0 || ^18.0 || ^19.0 || ^19.0.0-rc"
            },
            "peerDependenciesMeta": {
                "@types/react": {
                    "optional": true
                },
                "@types/react-dom": {
                    "optional": true
                }
            }
        },
        "node_modules/@radix-ui/react-id": {
            "version": "1.1.0",
            "resolved": "https://registry.npmjs.org/@radix-ui/react-id/-/react-id-1.1.0.tgz",
            "integrity": "sha512-EJUrI8yYh7WOjNOqpoJaf1jlFIH2LvtgAl+YcFqNCa+4hj64ZXmPkAKOFs/ukjz3byN6bdb/AVUqHkI8/uWWMA==",
            "license": "MIT",
            "dependencies": {
                "@radix-ui/react-use-layout-effect": "1.1.0"
            },
            "peerDependencies": {
                "@types/react": "*",
                "react": "^16.8 || ^17.0 || ^18.0 || ^19.0 || ^19.0.0-rc"
            },
            "peerDependenciesMeta": {
                "@types/react": {
                    "optional": true
                }
            }
        },
        "node_modules/@radix-ui/react-popper": {
            "version": "1.2.1",
            "resolved": "https://registry.npmjs.org/@radix-ui/react-popper/-/react-popper-1.2.1.tgz",
            "integrity": "sha512-3kn5Me69L+jv82EKRuQCXdYyf1DqHwD2U/sxoNgBGCB7K9TRc3bQamQ+5EPM9EvyPdli0W41sROd+ZU1dTCztw==",
            "license": "MIT",
            "dependencies": {
                "@floating-ui/react-dom": "^2.0.0",
                "@radix-ui/react-arrow": "1.1.1",
                "@radix-ui/react-compose-refs": "1.1.1",
                "@radix-ui/react-context": "1.1.1",
                "@radix-ui/react-primitive": "2.0.1",
                "@radix-ui/react-use-callback-ref": "1.1.0",
                "@radix-ui/react-use-layout-effect": "1.1.0",
                "@radix-ui/react-use-rect": "1.1.0",
                "@radix-ui/react-use-size": "1.1.0",
                "@radix-ui/rect": "1.1.0"
            },
            "peerDependencies": {
                "@types/react": "*",
                "@types/react-dom": "*",
                "react": "^16.8 || ^17.0 || ^18.0 || ^19.0 || ^19.0.0-rc",
                "react-dom": "^16.8 || ^17.0 || ^18.0 || ^19.0 || ^19.0.0-rc"
            },
            "peerDependenciesMeta": {
                "@types/react": {
                    "optional": true
                },
                "@types/react-dom": {
                    "optional": true
                }
            }
        },
        "node_modules/@radix-ui/react-portal": {
            "version": "1.1.3",
            "resolved": "https://registry.npmjs.org/@radix-ui/react-portal/-/react-portal-1.1.3.tgz",
            "integrity": "sha512-NciRqhXnGojhT93RPyDaMPfLH3ZSl4jjIFbZQ1b/vxvZEdHsBZ49wP9w8L3HzUQwep01LcWtkUvm0OVB5JAHTw==",
            "license": "MIT",
            "dependencies": {
                "@radix-ui/react-primitive": "2.0.1",
                "@radix-ui/react-use-layout-effect": "1.1.0"
            },
            "peerDependencies": {
                "@types/react": "*",
                "@types/react-dom": "*",
                "react": "^16.8 || ^17.0 || ^18.0 || ^19.0 || ^19.0.0-rc",
                "react-dom": "^16.8 || ^17.0 || ^18.0 || ^19.0 || ^19.0.0-rc"
            },
            "peerDependenciesMeta": {
                "@types/react": {
                    "optional": true
                },
                "@types/react-dom": {
                    "optional": true
                }
            }
        },
        "node_modules/@radix-ui/react-primitive": {
            "version": "2.0.1",
            "resolved": "https://registry.npmjs.org/@radix-ui/react-primitive/-/react-primitive-2.0.1.tgz",
            "integrity": "sha512-sHCWTtxwNn3L3fH8qAfnF3WbUZycW93SM1j3NFDzXBiz8D6F5UTTy8G1+WFEaiCdvCVRJWj6N2R4Xq6HdiHmDg==",
            "license": "MIT",
            "dependencies": {
                "@radix-ui/react-slot": "1.1.1"
            },
            "peerDependencies": {
                "@types/react": "*",
                "@types/react-dom": "*",
                "react": "^16.8 || ^17.0 || ^18.0 || ^19.0 || ^19.0.0-rc",
                "react-dom": "^16.8 || ^17.0 || ^18.0 || ^19.0 || ^19.0.0-rc"
            },
            "peerDependenciesMeta": {
                "@types/react": {
                    "optional": true
                },
                "@types/react-dom": {
                    "optional": true
                }
            }
        },
        "node_modules/@radix-ui/react-select": {
            "version": "2.1.4",
            "resolved": "https://registry.npmjs.org/@radix-ui/react-select/-/react-select-2.1.4.tgz",
            "integrity": "sha512-pOkb2u8KgO47j/h7AylCj7dJsm69BXcjkrvTqMptFqsE2i0p8lHkfgneXKjAgPzBMivnoMyt8o4KiV4wYzDdyQ==",
            "license": "MIT",
            "dependencies": {
                "@radix-ui/number": "1.1.0",
                "@radix-ui/primitive": "1.1.1",
                "@radix-ui/react-collection": "1.1.1",
                "@radix-ui/react-compose-refs": "1.1.1",
                "@radix-ui/react-context": "1.1.1",
                "@radix-ui/react-direction": "1.1.0",
                "@radix-ui/react-dismissable-layer": "1.1.3",
                "@radix-ui/react-focus-guards": "1.1.1",
                "@radix-ui/react-focus-scope": "1.1.1",
                "@radix-ui/react-id": "1.1.0",
                "@radix-ui/react-popper": "1.2.1",
                "@radix-ui/react-portal": "1.1.3",
                "@radix-ui/react-primitive": "2.0.1",
                "@radix-ui/react-slot": "1.1.1",
                "@radix-ui/react-use-callback-ref": "1.1.0",
                "@radix-ui/react-use-controllable-state": "1.1.0",
                "@radix-ui/react-use-layout-effect": "1.1.0",
                "@radix-ui/react-use-previous": "1.1.0",
                "@radix-ui/react-visually-hidden": "1.1.1",
                "aria-hidden": "^1.1.1",
                "react-remove-scroll": "^2.6.1"
            },
            "peerDependencies": {
                "@types/react": "*",
                "@types/react-dom": "*",
                "react": "^16.8 || ^17.0 || ^18.0 || ^19.0 || ^19.0.0-rc",
                "react-dom": "^16.8 || ^17.0 || ^18.0 || ^19.0 || ^19.0.0-rc"
            },
            "peerDependenciesMeta": {
                "@types/react": {
                    "optional": true
                },
                "@types/react-dom": {
                    "optional": true
                }
            }
        },
        "node_modules/@radix-ui/react-slot": {
            "version": "1.1.1",
            "resolved": "https://registry.npmjs.org/@radix-ui/react-slot/-/react-slot-1.1.1.tgz",
            "integrity": "sha512-RApLLOcINYJA+dMVbOju7MYv1Mb2EBp2nH4HdDzXTSyaR5optlm6Otrz1euW3HbdOR8UmmFK06TD+A9frYWv+g==",
            "license": "MIT",
            "dependencies": {
                "@radix-ui/react-compose-refs": "1.1.1"
            },
            "peerDependencies": {
                "@types/react": "*",
                "react": "^16.8 || ^17.0 || ^18.0 || ^19.0 || ^19.0.0-rc"
            },
            "peerDependenciesMeta": {
                "@types/react": {
                    "optional": true
                }
            }
        },
        "node_modules/@radix-ui/react-use-callback-ref": {
            "version": "1.1.0",
            "resolved": "https://registry.npmjs.org/@radix-ui/react-use-callback-ref/-/react-use-callback-ref-1.1.0.tgz",
            "integrity": "sha512-CasTfvsy+frcFkbXtSJ2Zu9JHpN8TYKxkgJGWbjiZhFivxaeW7rMeZt7QELGVLaYVfFMsKHjb7Ak0nMEe+2Vfw==",
            "license": "MIT",
            "peerDependencies": {
                "@types/react": "*",
                "react": "^16.8 || ^17.0 || ^18.0 || ^19.0 || ^19.0.0-rc"
            },
            "peerDependenciesMeta": {
                "@types/react": {
                    "optional": true
                }
            }
        },
        "node_modules/@radix-ui/react-use-controllable-state": {
            "version": "1.1.0",
            "resolved": "https://registry.npmjs.org/@radix-ui/react-use-controllable-state/-/react-use-controllable-state-1.1.0.tgz",
            "integrity": "sha512-MtfMVJiSr2NjzS0Aa90NPTnvTSg6C/JLCV7ma0W6+OMV78vd8OyRpID+Ng9LxzsPbLeuBnWBA1Nq30AtBIDChw==",
            "license": "MIT",
            "dependencies": {
                "@radix-ui/react-use-callback-ref": "1.1.0"
            },
            "peerDependencies": {
                "@types/react": "*",
                "react": "^16.8 || ^17.0 || ^18.0 || ^19.0 || ^19.0.0-rc"
            },
            "peerDependenciesMeta": {
                "@types/react": {
                    "optional": true
                }
            }
        },
        "node_modules/@radix-ui/react-use-escape-keydown": {
            "version": "1.1.0",
            "resolved": "https://registry.npmjs.org/@radix-ui/react-use-escape-keydown/-/react-use-escape-keydown-1.1.0.tgz",
            "integrity": "sha512-L7vwWlR1kTTQ3oh7g1O0CBF3YCyyTj8NmhLR+phShpyA50HCfBFKVJTpshm9PzLiKmehsrQzTYTpX9HvmC9rhw==",
            "license": "MIT",
            "dependencies": {
                "@radix-ui/react-use-callback-ref": "1.1.0"
            },
            "peerDependencies": {
                "@types/react": "*",
                "react": "^16.8 || ^17.0 || ^18.0 || ^19.0 || ^19.0.0-rc"
            },
            "peerDependenciesMeta": {
                "@types/react": {
                    "optional": true
                }
            }
        },
        "node_modules/@radix-ui/react-use-layout-effect": {
            "version": "1.1.0",
            "resolved": "https://registry.npmjs.org/@radix-ui/react-use-layout-effect/-/react-use-layout-effect-1.1.0.tgz",
            "integrity": "sha512-+FPE0rOdziWSrH9athwI1R0HDVbWlEhd+FR+aSDk4uWGmSJ9Z54sdZVDQPZAinJhJXwfT+qnj969mCsT2gfm5w==",
            "license": "MIT",
            "peerDependencies": {
                "@types/react": "*",
                "react": "^16.8 || ^17.0 || ^18.0 || ^19.0 || ^19.0.0-rc"
            },
            "peerDependenciesMeta": {
                "@types/react": {
                    "optional": true
                }
            }
        },
        "node_modules/@radix-ui/react-use-previous": {
            "version": "1.1.0",
            "resolved": "https://registry.npmjs.org/@radix-ui/react-use-previous/-/react-use-previous-1.1.0.tgz",
            "integrity": "sha512-Z/e78qg2YFnnXcW88A4JmTtm4ADckLno6F7OXotmkQfeuCVaKuYzqAATPhVzl3delXE7CxIV8shofPn3jPc5Og==",
            "license": "MIT",
            "peerDependencies": {
                "@types/react": "*",
                "react": "^16.8 || ^17.0 || ^18.0 || ^19.0 || ^19.0.0-rc"
            },
            "peerDependenciesMeta": {
                "@types/react": {
                    "optional": true
                }
            }
        },
        "node_modules/@radix-ui/react-use-rect": {
            "version": "1.1.0",
            "resolved": "https://registry.npmjs.org/@radix-ui/react-use-rect/-/react-use-rect-1.1.0.tgz",
            "integrity": "sha512-0Fmkebhr6PiseyZlYAOtLS+nb7jLmpqTrJyv61Pe68MKYW6OWdRE2kI70TaYY27u7H0lajqM3hSMMLFq18Z7nQ==",
            "license": "MIT",
            "dependencies": {
                "@radix-ui/rect": "1.1.0"
            },
            "peerDependencies": {
                "@types/react": "*",
                "react": "^16.8 || ^17.0 || ^18.0 || ^19.0 || ^19.0.0-rc"
            },
            "peerDependenciesMeta": {
                "@types/react": {
                    "optional": true
                }
            }
        },
        "node_modules/@radix-ui/react-use-size": {
            "version": "1.1.0",
            "resolved": "https://registry.npmjs.org/@radix-ui/react-use-size/-/react-use-size-1.1.0.tgz",
            "integrity": "sha512-XW3/vWuIXHa+2Uwcc2ABSfcCledmXhhQPlGbfcRXbiUQI5Icjcg19BGCZVKKInYbvUCut/ufbbLLPFC5cbb1hw==",
            "license": "MIT",
            "dependencies": {
                "@radix-ui/react-use-layout-effect": "1.1.0"
            },
            "peerDependencies": {
                "@types/react": "*",
                "react": "^16.8 || ^17.0 || ^18.0 || ^19.0 || ^19.0.0-rc"
            },
            "peerDependenciesMeta": {
                "@types/react": {
                    "optional": true
                }
            }
        },
        "node_modules/@radix-ui/react-visually-hidden": {
            "version": "1.1.1",
            "resolved": "https://registry.npmjs.org/@radix-ui/react-visually-hidden/-/react-visually-hidden-1.1.1.tgz",
            "integrity": "sha512-vVfA2IZ9q/J+gEamvj761Oq1FpWgCDaNOOIfbPVp2MVPLEomUr5+Vf7kJGwQ24YxZSlQVar7Bes8kyTo5Dshpg==",
            "license": "MIT",
            "dependencies": {
                "@radix-ui/react-primitive": "2.0.1"
            },
            "peerDependencies": {
                "@types/react": "*",
                "@types/react-dom": "*",
                "react": "^16.8 || ^17.0 || ^18.0 || ^19.0 || ^19.0.0-rc",
                "react-dom": "^16.8 || ^17.0 || ^18.0 || ^19.0 || ^19.0.0-rc"
            },
            "peerDependenciesMeta": {
                "@types/react": {
                    "optional": true
                },
                "@types/react-dom": {
                    "optional": true
                }
            }
        },
        "node_modules/@radix-ui/rect": {
            "version": "1.1.0",
            "resolved": "https://registry.npmjs.org/@radix-ui/rect/-/rect-1.1.0.tgz",
            "integrity": "sha512-A9+lCBZoaMJlVKcRBz2YByCG+Cp2t6nAnMnNba+XiWxnj6r4JUFqfsgwocMBZU9LPtdxC6wB56ySYpc7LQIoJg==",
            "license": "MIT"
        },
        "node_modules/ansi-regex": {
            "version": "5.0.1",
            "resolved": "https://registry.npmjs.org/ansi-regex/-/ansi-regex-5.0.1.tgz",
            "integrity": "sha512-quJQXlTSUGL2LH9SUXo8VwsY4soanhgo6LNSm84E1LBcE8s3O0wpdiRzyR9z/ZZJMlMWv37qOOb9pdJlMUEKFQ==",
            "dev": true,
            "license": "MIT",
            "engines": {
                "node": ">=8"
            }
        },
        "node_modules/ansi-styles": {
            "version": "4.3.0",
            "resolved": "https://registry.npmjs.org/ansi-styles/-/ansi-styles-4.3.0.tgz",
            "integrity": "sha512-zbB9rCJAT1rbjiVDb2hqKFHNYLxgtk8NURxZ3IZwD3F6NtxbXZQCnnSi1Lkx+IDohdPlFp222wVALIheZJQSEg==",
            "dev": true,
            "license": "MIT",
            "dependencies": {
                "color-convert": "^2.0.1"
            },
            "engines": {
                "node": ">=8"
            },
            "funding": {
                "url": "https://github.com/chalk/ansi-styles?sponsor=1"
            }
        },
        "node_modules/aria-hidden": {
            "version": "1.2.4",
            "resolved": "https://registry.npmjs.org/aria-hidden/-/aria-hidden-1.2.4.tgz",
            "integrity": "sha512-y+CcFFwelSXpLZk/7fMB2mUbGtX9lKycf1MWJ7CaTIERyitVlyQx6C+sxcROU2BAJ24OiZyK+8wj2i8AlBoS3A==",
            "license": "MIT",
            "dependencies": {
                "tslib": "^2.0.0"
            },
            "engines": {
                "node": ">=10"
            }
        },
        "node_modules/chalk": {
            "version": "4.1.2",
            "resolved": "https://registry.npmjs.org/chalk/-/chalk-4.1.2.tgz",
            "integrity": "sha512-oKnbhFyRIXpUuez8iBMmyEa4nbj4IOQyuhc/wy9kY7/WVPcwIO9VA668Pu8RkO7+0G76SLROeyw9CpQ061i4mA==",
            "dev": true,
            "license": "MIT",
            "dependencies": {
                "ansi-styles": "^4.1.0",
                "supports-color": "^7.1.0"
            },
            "engines": {
                "node": ">=10"
            },
            "funding": {
                "url": "https://github.com/chalk/chalk?sponsor=1"
            }
        },
        "node_modules/chalk/node_modules/supports-color": {
            "version": "7.2.0",
            "resolved": "https://registry.npmjs.org/supports-color/-/supports-color-7.2.0.tgz",
            "integrity": "sha512-qpCAvRl9stuOHveKsn7HncJRvv501qIacKzQlO/+Lwxc9+0q2wLyv4Dfvt80/DPn2pqOBsJdDiogXGR9+OvwRw==",
            "dev": true,
            "license": "MIT",
            "dependencies": {
                "has-flag": "^4.0.0"
            },
            "engines": {
                "node": ">=8"
            }
        },
        "node_modules/cliui": {
            "version": "8.0.1",
            "resolved": "https://registry.npmjs.org/cliui/-/cliui-8.0.1.tgz",
            "integrity": "sha512-BSeNnyus75C4//NQ9gQt1/csTXyo/8Sb+afLAkzAptFuMsod9HFokGNudZpi/oQV73hnVK+sR+5PVRMd+Dr7YQ==",
            "dev": true,
            "license": "ISC",
            "dependencies": {
                "string-width": "^4.2.0",
                "strip-ansi": "^6.0.1",
                "wrap-ansi": "^7.0.0"
            },
            "engines": {
                "node": ">=12"
            }
        },
        "node_modules/color-convert": {
            "version": "2.0.1",
            "resolved": "https://registry.npmjs.org/color-convert/-/color-convert-2.0.1.tgz",
            "integrity": "sha512-RRECPsj7iu/xb5oKYcsFHSppFNnsj/52OVTRKb4zP5onXwVF3zVmmToNcOfGC+CRDpfK/U584fMg38ZHCaElKQ==",
            "dev": true,
            "license": "MIT",
            "dependencies": {
                "color-name": "~1.1.4"
            },
            "engines": {
                "node": ">=7.0.0"
            }
        },
        "node_modules/color-name": {
            "version": "1.1.4",
            "resolved": "https://registry.npmjs.org/color-name/-/color-name-1.1.4.tgz",
            "integrity": "sha512-dOy+3AuW3a2wNbZHIuMZpTcgjGuLU/uBL/ubcZF9OXbDo8ff4O8yVp5Bf0efS8uEoYo5q4Fx7dY9OgQGXgAsQA==",
            "dev": true,
            "license": "MIT"
        },
        "node_modules/concurrently": {
            "version": "8.2.2",
            "resolved": "https://registry.npmjs.org/concurrently/-/concurrently-8.2.2.tgz",
            "integrity": "sha512-1dP4gpXFhei8IOtlXRE/T/4H88ElHgTiUzh71YUmtjTEHMSRS2Z/fgOxHSxxusGHogsRfxNq1vyAwxSC+EVyDg==",
            "dev": true,
            "license": "MIT",
            "dependencies": {
                "chalk": "^4.1.2",
                "date-fns": "^2.30.0",
                "lodash": "^4.17.21",
                "rxjs": "^7.8.1",
                "shell-quote": "^1.8.1",
                "spawn-command": "0.0.2",
                "supports-color": "^8.1.1",
                "tree-kill": "^1.2.2",
                "yargs": "^17.7.2"
            },
            "bin": {
                "conc": "dist/bin/concurrently.js",
                "concurrently": "dist/bin/concurrently.js"
            },
            "engines": {
                "node": "^14.13.0 || >=16.0.0"
            },
            "funding": {
                "url": "https://github.com/open-cli-tools/concurrently?sponsor=1"
            }
        },
        "node_modules/date-fns": {
            "version": "2.30.0",
            "resolved": "https://registry.npmjs.org/date-fns/-/date-fns-2.30.0.tgz",
            "integrity": "sha512-fnULvOpxnC5/Vg3NCiWelDsLiUc9bRwAPs/+LfTLNvetFCtCTN+yQz15C/fs4AwX1R9K5GLtLfn8QW+dWisaAw==",
            "dev": true,
            "license": "MIT",
            "dependencies": {
                "@babel/runtime": "^7.21.0"
            },
            "engines": {
                "node": ">=0.11"
            },
            "funding": {
                "type": "opencollective",
                "url": "https://opencollective.com/date-fns"
            }
        },
        "node_modules/detect-node-es": {
            "version": "1.1.0",
            "resolved": "https://registry.npmjs.org/detect-node-es/-/detect-node-es-1.1.0.tgz",
            "integrity": "sha512-ypdmJU/TbBby2Dxibuv7ZLW3Bs1QEmM7nHjEANfohJLvE0XVujisn1qPJcZxg+qDucsr+bP6fLD1rPS3AhJ7EQ==",
            "license": "MIT"
        },
        "node_modules/emoji-regex": {
            "version": "8.0.0",
            "resolved": "https://registry.npmjs.org/emoji-regex/-/emoji-regex-8.0.0.tgz",
            "integrity": "sha512-MSjYzcWNOA0ewAHpz0MxpYFvwg6yjy1NG3xteoqz644VCo/RPgnr1/GGt+ic3iJTzQ8Eu3TdM14SawnVUmGE6A==",
            "dev": true,
            "license": "MIT"
        },
        "node_modules/escalade": {
            "version": "3.2.0",
            "resolved": "https://registry.npmjs.org/escalade/-/escalade-3.2.0.tgz",
            "integrity": "sha512-WUj2qlxaQtO4g6Pq5c29GTcWGDyd8itL8zTlipgECz3JesAiiOKotd8JU6otB3PACgG6xkJUyVhboMS+bje/jA==",
            "dev": true,
            "license": "MIT",
            "engines": {
                "node": ">=6"
            }
        },
        "node_modules/get-caller-file": {
            "version": "2.0.5",
            "resolved": "https://registry.npmjs.org/get-caller-file/-/get-caller-file-2.0.5.tgz",
            "integrity": "sha512-DyFP3BM/3YHTQOCUL/w0OZHR0lpKeGrxotcHWcqNEdnltqFwXVfhEBQ94eIo34AfQpo0rGki4cyIiftY06h2Fg==",
            "dev": true,
            "license": "ISC",
            "engines": {
                "node": "6.* || 8.* || >= 10.*"
            }
        },
        "node_modules/get-nonce": {
            "version": "1.0.1",
            "resolved": "https://registry.npmjs.org/get-nonce/-/get-nonce-1.0.1.tgz",
            "integrity": "sha512-FJhYRoDaiatfEkUK8HKlicmu/3SGFD51q3itKDGoSTysQJBnfOcxU5GxnhE1E6soB76MbT0MBtnKJuXyAx+96Q==",
            "license": "MIT",
            "engines": {
                "node": ">=6"
            }
        },
        "node_modules/has-flag": {
            "version": "4.0.0",
            "resolved": "https://registry.npmjs.org/has-flag/-/has-flag-4.0.0.tgz",
            "integrity": "sha512-EykJT/Q1KjTWctppgIAgfSO0tKVuZUjhgMr17kqTumMl6Afv3EISleU7qZUzoXDFTAHTDC4NOoG/ZxU3EvlMPQ==",
            "dev": true,
            "license": "MIT",
            "engines": {
                "node": ">=8"
            }
        },
        "node_modules/is-fullwidth-code-point": {
            "version": "3.0.0",
            "resolved": "https://registry.npmjs.org/is-fullwidth-code-point/-/is-fullwidth-code-point-3.0.0.tgz",
            "integrity": "sha512-zymm5+u+sCsSWyD9qNaejV3DFvhCKclKdizYaJUuHA83RLjb7nSuGnddCHGv0hk+KY7BMAlsWeK4Ueg6EV6XQg==",
            "dev": true,
            "license": "MIT",
            "engines": {
                "node": ">=8"
            }
        },
        "node_modules/json5": {
            "version": "2.2.3",
            "resolved": "https://registry.npmjs.org/json5/-/json5-2.2.3.tgz",
            "integrity": "sha512-XmOWe7eyHYH14cLdVPoyg+GOH3rYX++KpzrylJwSW98t3Nk+U8XOl8FWKOgwtzdb8lXGf6zYwDUzeHMWfxasyg==",
            "dev": true,
            "license": "MIT",
            "bin": {
                "json5": "lib/cli.js"
            },
            "engines": {
                "node": ">=6"
            }
        },
        "node_modules/lodash": {
            "version": "4.17.21",
            "resolved": "https://registry.npmjs.org/lodash/-/lodash-4.17.21.tgz",
            "integrity": "sha512-v2kDEe57lecTulaDIuNTPy3Ry4gLGJ6Z1O3vE1krgXZNrsQ+LFTGHVxVjcXPs17LhbZVGedAJv8XZ1tvj5FvSg==",
            "dev": true,
            "license": "MIT"
        },
        "node_modules/minimist": {
            "version": "1.2.8",
            "resolved": "https://registry.npmjs.org/minimist/-/minimist-1.2.8.tgz",
            "integrity": "sha512-2yyAR8qBkN3YuheJanUpWC5U3bb5osDywNB8RzDVlDwDHbocAJveqqj1u8+SVD7jkWT4yvsHCpWqqWqAxb0zCA==",
            "dev": true,
            "license": "MIT",
            "funding": {
                "url": "https://github.com/sponsors/ljharb"
            }
        },
        "node_modules/react": {
            "version": "19.0.0",
            "resolved": "https://registry.npmjs.org/react/-/react-19.0.0.tgz",
            "integrity": "sha512-V8AVnmPIICiWpGfm6GLzCR/W5FXLchHop40W4nXBmdlEceh16rCN8O8LNWm5bh5XUX91fh7KpA+W0TgMKmgTpQ==",
            "license": "MIT",
            "peer": true,
            "engines": {
                "node": ">=0.10.0"
            }
        },
        "node_modules/react-dom": {
            "version": "19.0.0",
            "resolved": "https://registry.npmjs.org/react-dom/-/react-dom-19.0.0.tgz",
            "integrity": "sha512-4GV5sHFG0e/0AD4X+ySy6UJd3jVl1iNsNHdpad0qhABJ11twS3TTBnseqsKurKcsNqCEFeGL3uLpVChpIO3QfQ==",
            "license": "MIT",
            "peer": true,
            "dependencies": {
                "scheduler": "^0.25.0"
            },
            "peerDependencies": {
                "react": "^19.0.0"
            }
        },
        "node_modules/react-remove-scroll": {
            "version": "2.6.2",
            "resolved": "https://registry.npmjs.org/react-remove-scroll/-/react-remove-scroll-2.6.2.tgz",
            "integrity": "sha512-KmONPx5fnlXYJQqC62Q+lwIeAk64ws/cUw6omIumRzMRPqgnYqhSSti99nbj0Ry13bv7dF+BKn7NB+OqkdZGTw==",
            "license": "MIT",
            "dependencies": {
                "react-remove-scroll-bar": "^2.3.7",
                "react-style-singleton": "^2.2.1",
                "tslib": "^2.1.0",
                "use-callback-ref": "^1.3.3",
                "use-sidecar": "^1.1.2"
            },
            "engines": {
                "node": ">=10"
            },
            "peerDependencies": {
                "@types/react": "*",
                "react": "^16.8.0 || ^17.0.0 || ^18.0.0 || ^19.0.0 || ^19.0.0-rc"
            },
            "peerDependenciesMeta": {
                "@types/react": {
                    "optional": true
                }
            }
        },
        "node_modules/react-remove-scroll-bar": {
            "version": "2.3.8",
            "resolved": "https://registry.npmjs.org/react-remove-scroll-bar/-/react-remove-scroll-bar-2.3.8.tgz",
            "integrity": "sha512-9r+yi9+mgU33AKcj6IbT9oRCO78WriSj6t/cF8DWBZJ9aOGPOTEDvdUDz1FwKim7QXWwmHqtdHnRJfhAxEG46Q==",
            "license": "MIT",
            "dependencies": {
                "react-style-singleton": "^2.2.2",
                "tslib": "^2.0.0"
            },
            "engines": {
                "node": ">=10"
            },
            "peerDependencies": {
                "@types/react": "*",
                "react": "^16.8.0 || ^17.0.0 || ^18.0.0 || ^19.0.0"
            },
            "peerDependenciesMeta": {
                "@types/react": {
                    "optional": true
                }
            }
        },
        "node_modules/react-style-singleton": {
            "version": "2.2.3",
            "resolved": "https://registry.npmjs.org/react-style-singleton/-/react-style-singleton-2.2.3.tgz",
            "integrity": "sha512-b6jSvxvVnyptAiLjbkWLE/lOnR4lfTtDAl+eUC7RZy+QQWc6wRzIV2CE6xBuMmDxc2qIihtDCZD5NPOFl7fRBQ==",
            "license": "MIT",
            "dependencies": {
                "get-nonce": "^1.0.0",
                "tslib": "^2.0.0"
            },
            "engines": {
                "node": ">=10"
            },
            "peerDependencies": {
                "@types/react": "*",
                "react": "^16.8.0 || ^17.0.0 || ^18.0.0 || ^19.0.0 || ^19.0.0-rc"
            },
            "peerDependenciesMeta": {
                "@types/react": {
                    "optional": true
                }
            }
        },
        "node_modules/regenerator-runtime": {
            "version": "0.14.1",
            "resolved": "https://registry.npmjs.org/regenerator-runtime/-/regenerator-runtime-0.14.1.tgz",
            "integrity": "sha512-dYnhHh0nJoMfnkZs6GmmhFknAGRrLznOu5nc9ML+EJxGvrx6H7teuevqVqCuPcPK//3eDrrjQhehXVx9cnkGdw==",
            "dev": true,
            "license": "MIT"
        },
        "node_modules/require-directory": {
            "version": "2.1.1",
            "resolved": "https://registry.npmjs.org/require-directory/-/require-directory-2.1.1.tgz",
            "integrity": "sha512-fGxEI7+wsG9xrvdjsrlmL22OMTTiHRwAMroiEeMgq8gzoLC/PQr7RsRDSTLUg/bZAZtF+TVIkHc6/4RIKrui+Q==",
            "dev": true,
            "license": "MIT",
            "engines": {
                "node": ">=0.10.0"
            }
        },
        "node_modules/rxjs": {
            "version": "7.8.1",
            "resolved": "https://registry.npmjs.org/rxjs/-/rxjs-7.8.1.tgz",
            "integrity": "sha512-AA3TVj+0A2iuIoQkWEK/tqFjBq2j+6PO6Y0zJcvzLAFhEFIO3HL0vls9hWLncZbAAbK0mar7oZ4V079I/qPMxg==",
            "dev": true,
            "license": "Apache-2.0",
            "dependencies": {
                "tslib": "^2.1.0"
            }
        },
        "node_modules/scheduler": {
            "version": "0.25.0",
            "resolved": "https://registry.npmjs.org/scheduler/-/scheduler-0.25.0.tgz",
            "integrity": "sha512-xFVuu11jh+xcO7JOAGJNOXld8/TcEHK/4CituBUeUb5hqxJLj9YuemAEuvm9gQ/+pgXYfbQuqAkiYu+u7YEsNA==",
            "license": "MIT",
            "peer": true
        },
        "node_modules/shell-quote": {
            "version": "1.8.2",
            "resolved": "https://registry.npmjs.org/shell-quote/-/shell-quote-1.8.2.tgz",
            "integrity": "sha512-AzqKpGKjrj7EM6rKVQEPpB288oCfnrEIuyoT9cyF4nmGa7V8Zk6f7RRqYisX8X9m+Q7bd632aZW4ky7EhbQztA==",
            "dev": true,
            "license": "MIT",
            "engines": {
                "node": ">= 0.4"
            },
            "funding": {
                "url": "https://github.com/sponsors/ljharb"
            }
        },
        "node_modules/spawn-command": {
            "version": "0.0.2",
            "resolved": "https://registry.npmjs.org/spawn-command/-/spawn-command-0.0.2.tgz",
            "integrity": "sha512-zC8zGoGkmc8J9ndvml8Xksr1Amk9qBujgbF0JAIWO7kXr43w0h/0GJNM/Vustixu+YE8N/MTrQ7N31FvHUACxQ==",
            "dev": true
        },
        "node_modules/string-width": {
            "version": "4.2.3",
            "resolved": "https://registry.npmjs.org/string-width/-/string-width-4.2.3.tgz",
            "integrity": "sha512-wKyQRQpjJ0sIp62ErSZdGsjMJWsap5oRNihHhu6G7JVO/9jIB6UyevL+tXuOqrng8j/cxKTWyWUwvSTriiZz/g==",
            "dev": true,
            "license": "MIT",
            "dependencies": {
                "emoji-regex": "^8.0.0",
                "is-fullwidth-code-point": "^3.0.0",
                "strip-ansi": "^6.0.1"
            },
            "engines": {
                "node": ">=8"
            }
        },
        "node_modules/strip-ansi": {
            "version": "6.0.1",
            "resolved": "https://registry.npmjs.org/strip-ansi/-/strip-ansi-6.0.1.tgz",
            "integrity": "sha512-Y38VPSHcqkFrCpFnQ9vuSXmquuv5oXOKpGeT6aGrr3o3Gc9AlVa6JBfUSOCnbxGGZF+/0ooI7KrPuUSztUdU5A==",
            "dev": true,
            "license": "MIT",
            "dependencies": {
                "ansi-regex": "^5.0.1"
            },
            "engines": {
                "node": ">=8"
            }
        },
        "node_modules/strip-bom": {
            "version": "3.0.0",
            "resolved": "https://registry.npmjs.org/strip-bom/-/strip-bom-3.0.0.tgz",
            "integrity": "sha512-vavAMRXOgBVNF6nyEEmL3DBK19iRpDcoIwW+swQ+CbGiu7lju6t+JklA1MHweoWtadgt4ISVUsXLyDq34ddcwA==",
            "dev": true,
            "license": "MIT",
            "engines": {
                "node": ">=4"
            }
        },
        "node_modules/supports-color": {
            "version": "8.1.1",
            "resolved": "https://registry.npmjs.org/supports-color/-/supports-color-8.1.1.tgz",
            "integrity": "sha512-MpUEN2OodtUzxvKQl72cUF7RQ5EiHsGvSsVG0ia9c5RbWGL2CI4C7EpPS8UTBIplnlzZiNuV56w+FuNxy3ty2Q==",
            "dev": true,
            "license": "MIT",
            "dependencies": {
                "has-flag": "^4.0.0"
            },
            "engines": {
                "node": ">=10"
            },
            "funding": {
                "url": "https://github.com/chalk/supports-color?sponsor=1"
            }
        },
        "node_modules/tree-kill": {
            "version": "1.2.2",
            "resolved": "https://registry.npmjs.org/tree-kill/-/tree-kill-1.2.2.tgz",
            "integrity": "sha512-L0Orpi8qGpRG//Nd+H90vFB+3iHnue1zSSGmNOOCh1GLJ7rUKVwV2HvijphGQS2UmhUZewS9VgvxYIdgr+fG1A==",
            "dev": true,
            "license": "MIT",
            "bin": {
                "tree-kill": "cli.js"
            }
        },
        "node_modules/tsconfig-paths": {
            "version": "4.2.0",
            "resolved": "https://registry.npmjs.org/tsconfig-paths/-/tsconfig-paths-4.2.0.tgz",
            "integrity": "sha512-NoZ4roiN7LnbKn9QqE1amc9DJfzvZXxF4xDavcOWt1BPkdx+m+0gJuPM+S0vCe7zTJMYUP0R8pO2XMr+Y8oLIg==",
            "dev": true,
            "license": "MIT",
            "dependencies": {
                "json5": "^2.2.2",
                "minimist": "^1.2.6",
                "strip-bom": "^3.0.0"
            },
            "engines": {
                "node": ">=6"
            }
        },
        "node_modules/tslib": {
            "version": "2.8.1",
            "resolved": "https://registry.npmjs.org/tslib/-/tslib-2.8.1.tgz",
            "integrity": "sha512-oJFu94HQb+KVduSUQL7wnpmqnfmLsOA/nAh6b6EH0wCEoK0/mPeXU6c3wKDV83MkOuHPRHtSXKKU99IBazS/2w==",
            "license": "0BSD"
        },
        "node_modules/use-callback-ref": {
            "version": "1.3.3",
            "resolved": "https://registry.npmjs.org/use-callback-ref/-/use-callback-ref-1.3.3.tgz",
            "integrity": "sha512-jQL3lRnocaFtu3V00JToYz/4QkNWswxijDaCVNZRiRTO3HQDLsdu1ZtmIUvV4yPp+rvWm5j0y0TG/S61cuijTg==",
            "license": "MIT",
            "dependencies": {
                "tslib": "^2.0.0"
            },
            "engines": {
                "node": ">=10"
            },
            "peerDependencies": {
                "@types/react": "*",
                "react": "^16.8.0 || ^17.0.0 || ^18.0.0 || ^19.0.0 || ^19.0.0-rc"
            },
            "peerDependenciesMeta": {
                "@types/react": {
                    "optional": true
                }
            }
        },
        "node_modules/use-sidecar": {
            "version": "1.1.3",
            "resolved": "https://registry.npmjs.org/use-sidecar/-/use-sidecar-1.1.3.tgz",
            "integrity": "sha512-Fedw0aZvkhynoPYlA5WXrMCAMm+nSWdZt6lzJQ7Ok8S6Q+VsHmHpRWndVRJ8Be0ZbkfPc5LRYH+5XrzXcEeLRQ==",
            "license": "MIT",
            "dependencies": {
                "detect-node-es": "^1.1.0",
                "tslib": "^2.0.0"
            },
            "engines": {
                "node": ">=10"
            },
            "peerDependencies": {
                "@types/react": "*",
                "react": "^16.8.0 || ^17.0.0 || ^18.0.0 || ^19.0.0 || ^19.0.0-rc"
            },
            "peerDependenciesMeta": {
                "@types/react": {
                    "optional": true
                }
            }
        },
        "node_modules/wrap-ansi": {
            "version": "7.0.0",
            "resolved": "https://registry.npmjs.org/wrap-ansi/-/wrap-ansi-7.0.0.tgz",
            "integrity": "sha512-YVGIj2kamLSTxw6NsZjoBxfSwsn0ycdesmc4p+Q21c5zPuZ1pl+NfxVdxPtdHvmNVOQ6XSYG4AUtyt/Fi7D16Q==",
            "dev": true,
            "license": "MIT",
            "dependencies": {
                "ansi-styles": "^4.0.0",
                "string-width": "^4.1.0",
                "strip-ansi": "^6.0.0"
            },
            "engines": {
                "node": ">=10"
            },
            "funding": {
                "url": "https://github.com/chalk/wrap-ansi?sponsor=1"
            }
        },
        "node_modules/y18n": {
            "version": "5.0.8",
            "resolved": "https://registry.npmjs.org/y18n/-/y18n-5.0.8.tgz",
            "integrity": "sha512-0pfFzegeDWJHJIAmTLRP2DwHjdF5s7jo9tuztdQxAhINCdvS+3nGINqPd00AphqJR/0LhANUS6/+7SCb98YOfA==",
            "dev": true,
            "license": "ISC",
            "engines": {
                "node": ">=10"
            }
        },
        "node_modules/yargs": {
            "version": "17.7.2",
            "resolved": "https://registry.npmjs.org/yargs/-/yargs-17.7.2.tgz",
            "integrity": "sha512-7dSzzRQ++CKnNI/krKnYRV7JKKPUXMEh61soaHKg9mrWEhzFWhFnxPxGl+69cD1Ou63C13NUPCnmIcrvqCuM6w==",
            "dev": true,
            "license": "MIT",
            "dependencies": {
                "cliui": "^8.0.1",
                "escalade": "^3.1.1",
                "get-caller-file": "^2.0.5",
                "require-directory": "^2.1.1",
                "string-width": "^4.2.3",
                "y18n": "^5.0.5",
                "yargs-parser": "^21.1.1"
            },
            "engines": {
                "node": ">=12"
            }
        },
        "node_modules/yargs-parser": {
            "version": "21.1.1",
            "resolved": "https://registry.npmjs.org/yargs-parser/-/yargs-parser-21.1.1.tgz",
            "integrity": "sha512-tVpsJW7DdjecAiFpbIB1e3qxIQsE6NoPc5/eTdrbbIC4h0LVsWhnoa3g+m2HclBIujHzsxZ4VJVA+GUuc2/LBw==",
            "dev": true,
            "license": "ISC",
            "engines": {
                "node": ">=12"
            }
        }
    }
}
